// !$*UTF8*$!
{
	archiveVersion = 1;
	classes = {
	};
	objectVersion = 56;
	objects = {

/* Begin PBXBuildFile section */
		2D4484432B794BBE00940573 /* RealityKitContent in Frameworks */ = {isa = PBXBuildFile; productRef = 2D4484422B794BBE00940573 /* RealityKitContent */; };
		2D4484452B794BBE00940573 /* Day_001App.swift in Sources */ = {isa = PBXBuildFile; fileRef = 2D4484442B794BBE00940573 /* Day_001App.swift */; };
		2D4484472B794BBE00940573 /* ContentView.swift in Sources */ = {isa = PBXBuildFile; fileRef = 2D4484462B794BBE00940573 /* ContentView.swift */; };
		2D4484492B794BBF00940573 /* Assets.xcassets in Resources */ = {isa = PBXBuildFile; fileRef = 2D4484482B794BBF00940573 /* Assets.xcassets */; };
		2D44844C2B794BBF00940573 /* Preview Assets.xcassets in Resources */ = {isa = PBXBuildFile; fileRef = 2D44844B2B794BBF00940573 /* Preview Assets.xcassets */; };
		2D4484572B794BBF00940573 /* Day_001Tests.swift in Sources */ = {isa = PBXBuildFile; fileRef = 2D4484562B794BBF00940573 /* Day_001Tests.swift */; };
/* End PBXBuildFile section */

/* Begin PBXContainerItemProxy section */
		2D4484532B794BBF00940573 /* PBXContainerItemProxy */ = {
			isa = PBXContainerItemProxy;
			containerPortal = 2D4484352B794BBE00940573 /* Project object */;
			proxyType = 1;
			remoteGlobalIDString = 2D44843C2B794BBE00940573;
			remoteInfo = Day_001;
		};
/* End PBXContainerItemProxy section */

/* Begin PBXFileReference section */
		2D44843D2B794BBE00940573 /* Day_001.app */ = {isa = PBXFileReference; explicitFileType = wrapper.application; includeInIndex = 0; path = Day_001.app; sourceTree = BUILT_PRODUCTS_DIR; };
		2D4484412B794BBE00940573 /* RealityKitContent */ = {isa = PBXFileReference; lastKnownFileType = wrapper; path = RealityKitContent; sourceTree = "<group>"; };
		2D4484442B794BBE00940573 /* Day_001App.swift */ = {isa = PBXFileReference; lastKnownFileType = sourcecode.swift; path = Day_001App.swift; sourceTree = "<group>"; };
		2D4484462B794BBE00940573 /* ContentView.swift */ = {isa = PBXFileReference; lastKnownFileType = sourcecode.swift; path = ContentView.swift; sourceTree = "<group>"; };
		2D4484482B794BBF00940573 /* Assets.xcassets */ = {isa = PBXFileReference; lastKnownFileType = folder.assetcatalog; path = Assets.xcassets; sourceTree = "<group>"; };
		2D44844B2B794BBF00940573 /* Preview Assets.xcassets */ = {isa = PBXFileReference; lastKnownFileType = folder.assetcatalog; path = "Preview Assets.xcassets"; sourceTree = "<group>"; };
		2D44844D2B794BBF00940573 /* Info.plist */ = {isa = PBXFileReference; lastKnownFileType = text.plist.xml; path = Info.plist; sourceTree = "<group>"; };
		2D4484522B794BBF00940573 /* Day_001Tests.xctest */ = {isa = PBXFileReference; explicitFileType = wrapper.cfbundle; includeInIndex = 0; path = Day_001Tests.xctest; sourceTree = BUILT_PRODUCTS_DIR; };
		2D4484562B794BBF00940573 /* Day_001Tests.swift */ = {isa = PBXFileReference; lastKnownFileType = sourcecode.swift; path = Day_001Tests.swift; sourceTree = "<group>"; };
		2D4484602B794C5D00940573 /* README.md */ = {isa = PBXFileReference; lastKnownFileType = net.daringfireball.markdown; path = README.md; sourceTree = "<group>"; };
/* End PBXFileReference section */

/* Begin PBXFrameworksBuildPhase section */
		2D44843A2B794BBE00940573 /* Frameworks */ = {
			isa = PBXFrameworksBuildPhase;
			buildActionMask = 2147483647;
			files = (
				2D4484432B794BBE00940573 /* RealityKitContent in Frameworks */,
			);
			runOnlyForDeploymentPostprocessing = 0;
		};
		2D44844F2B794BBF00940573 /* Frameworks */ = {
			isa = PBXFrameworksBuildPhase;
			buildActionMask = 2147483647;
			files = (
			);
			runOnlyForDeploymentPostprocessing = 0;
		};
/* End PBXFrameworksBuildPhase section */

/* Begin PBXGroup section */
		2D4484342B794BBE00940573 = {
			isa = PBXGroup;
			children = (
				2D4484602B794C5D00940573 /* README.md */,
				2D44843F2B794BBE00940573 /* Day_001 */,
				2D4484402B794BBE00940573 /* Packages */,
				2D4484552B794BBF00940573 /* Day_001Tests */,
				2D44843E2B794BBE00940573 /* Products */,
			);
			sourceTree = "<group>";
		};
		2D44843E2B794BBE00940573 /* Products */ = {
			isa = PBXGroup;
			children = (
				2D44843D2B794BBE00940573 /* Day_001.app */,
				2D4484522B794BBF00940573 /* Day_001Tests.xctest */,
			);
			name = Products;
			sourceTree = "<group>";
		};
		2D44843F2B794BBE00940573 /* Day_001 */ = {
			isa = PBXGroup;
			children = (
				2D4484442B794BBE00940573 /* Day_001App.swift */,
				2D4484462B794BBE00940573 /* ContentView.swift */,
				2D4484482B794BBF00940573 /* Assets.xcassets */,
				2D44844D2B794BBF00940573 /* Info.plist */,
				2D44844A2B794BBF00940573 /* Preview Content */,
			);
			path = Day_001;
			sourceTree = "<group>";
		};
		2D4484402B794BBE00940573 /* Packages */ = {
			isa = PBXGroup;
			children = (
				2D4484412B794BBE00940573 /* RealityKitContent */,
			);
			path = Packages;
			sourceTree = "<group>";
		};
		2D44844A2B794BBF00940573 /* Preview Content */ = {
			isa = PBXGroup;
			children = (
				2D44844B2B794BBF00940573 /* Preview Assets.xcassets */,
			);
			path = "Preview Content";
			sourceTree = "<group>";
		};
		2D4484552B794BBF00940573 /* Day_001Tests */ = {
			isa = PBXGroup;
			children = (
				2D4484562B794BBF00940573 /* Day_001Tests.swift */,
			);
			path = Day_001Tests;
			sourceTree = "<group>";
		};
/* End PBXGroup section */

/* Begin PBXNativeTarget section */
		2D44843C2B794BBE00940573 /* Day_001 */ = {
			isa = PBXNativeTarget;
			buildConfigurationList = 2D44845A2B794BBF00940573 /* Build configuration list for PBXNativeTarget "Day_001" */;
			buildPhases = (
				2D4484392B794BBE00940573 /* Sources */,
				2D44843A2B794BBE00940573 /* Frameworks */,
				2D44843B2B794BBE00940573 /* Resources */,
			);
			buildRules = (
			);
			dependencies = (
			);
			name = Day_001;
			packageProductDependencies = (
				2D4484422B794BBE00940573 /* RealityKitContent */,
			);
			productName = Day_001;
			productReference = 2D44843D2B794BBE00940573 /* Day_001.app */;
			productType = "com.apple.product-type.application";
		};
		2D4484512B794BBF00940573 /* Day_001Tests */ = {
			isa = PBXNativeTarget;
			buildConfigurationList = 2D44845D2B794BBF00940573 /* Build configuration list for PBXNativeTarget "Day_001Tests" */;
			buildPhases = (
				2D44844E2B794BBF00940573 /* Sources */,
				2D44844F2B794BBF00940573 /* Frameworks */,
				2D4484502B794BBF00940573 /* Resources */,
			);
			buildRules = (
			);
			dependencies = (
				2D4484542B794BBF00940573 /* PBXTargetDependency */,
			);
			name = Day_001Tests;
			productName = Day_001Tests;
			productReference = 2D4484522B794BBF00940573 /* Day_001Tests.xctest */;
			productType = "com.apple.product-type.bundle.unit-test";
		};
/* End PBXNativeTarget section */

/* Begin PBXProject section */
		2D4484352B794BBE00940573 /* Project object */ = {
			isa = PBXProject;
			attributes = {
				BuildIndependentTargetsInParallel = 1;
				LastSwiftUpdateCheck = 1520;
				LastUpgradeCheck = 1520;
				TargetAttributes = {
					2D44843C2B794BBE00940573 = {
						CreatedOnToolsVersion = 15.2;
					};
					2D4484512B794BBF00940573 = {
						CreatedOnToolsVersion = 15.2;
						TestTargetID = 2D44843C2B794BBE00940573;
					};
				};
			};
			buildConfigurationList = 2D4484382B794BBE00940573 /* Build configuration list for PBXProject "Day_001" */;
			compatibilityVersion = "Xcode 14.0";
			developmentRegion = en;
			hasScannedForEncodings = 0;
			knownRegions = (
				en,
				Base,
			);
			mainGroup = 2D4484342B794BBE00940573;
			productRefGroup = 2D44843E2B794BBE00940573 /* Products */;
			projectDirPath = "";
			projectRoot = "";
			targets = (
				2D44843C2B794BBE00940573 /* Day_001 */,
				2D4484512B794BBF00940573 /* Day_001Tests */,
			);
		};
/* End PBXProject section */

/* Begin PBXResourcesBuildPhase section */
		2D44843B2B794BBE00940573 /* Resources */ = {
			isa = PBXResourcesBuildPhase;
			buildActionMask = 2147483647;
			files = (
				2D44844C2B794BBF00940573 /* Preview Assets.xcassets in Resources */,
				2D4484492B794BBF00940573 /* Assets.xcassets in Resources */,
			);
			runOnlyForDeploymentPostprocessing = 0;
		};
		2D4484502B794BBF00940573 /* Resources */ = {
			isa = PBXResourcesBuildPhase;
			buildActionMask = 2147483647;
			files = (
			);
			runOnlyForDeploymentPostprocessing = 0;
		};
/* End PBXResourcesBuildPhase section */

/* Begin PBXSourcesBuildPhase section */
		2D4484392B794BBE00940573 /* Sources */ = {
			isa = PBXSourcesBuildPhase;
			buildActionMask = 2147483647;
			files = (
				2D4484472B794BBE00940573 /* ContentView.swift in Sources */,
				2D4484452B794BBE00940573 /* Day_001App.swift in Sources */,
			);
			runOnlyForDeploymentPostprocessing = 0;
		};
		2D44844E2B794BBF00940573 /* Sources */ = {
			isa = PBXSourcesBuildPhase;
			buildActionMask = 2147483647;
			files = (
				2D4484572B794BBF00940573 /* Day_001Tests.swift in Sources */,
			);
			runOnlyForDeploymentPostprocessing = 0;
		};
/* End PBXSourcesBuildPhase section */

/* Begin PBXTargetDependency section */
		2D4484542B794BBF00940573 /* PBXTargetDependency */ = {
			isa = PBXTargetDependency;
			target = 2D44843C2B794BBE00940573 /* Day_001 */;
			targetProxy = 2D4484532B794BBF00940573 /* PBXContainerItemProxy */;
		};
/* End PBXTargetDependency section */

/* Begin XCBuildConfiguration section */
		2D4484582B794BBF00940573 /* Debug */ = {
			isa = XCBuildConfiguration;
			buildSettings = {
				ALWAYS_SEARCH_USER_PATHS = NO;
				ASSETCATALOG_COMPILER_GENERATE_SWIFT_ASSET_SYMBOL_EXTENSIONS = YES;
				CLANG_ANALYZER_NONNULL = YES;
				CLANG_ANALYZER_NUMBER_OBJECT_CONVERSION = YES_AGGRESSIVE;
				CLANG_CXX_LANGUAGE_STANDARD = "gnu++20";
				CLANG_ENABLE_MODULES = YES;
				CLANG_ENABLE_OBJC_ARC = YES;
				CLANG_ENABLE_OBJC_WEAK = YES;
				CLANG_WARN_BLOCK_CAPTURE_AUTORELEASING = YES;
				CLANG_WARN_BOOL_CONVERSION = YES;
				CLANG_WARN_COMMA = YES;
				CLANG_WARN_CONSTANT_CONVERSION = YES;
				CLANG_WARN_DEPRECATED_OBJC_IMPLEMENTATIONS = YES;
				CLANG_WARN_DIRECT_OBJC_ISA_USAGE = YES_ERROR;
				CLANG_WARN_DOCUMENTATION_COMMENTS = YES;
				CLANG_WARN_EMPTY_BODY = YES;
				CLANG_WARN_ENUM_CONVERSION = YES;
				CLANG_WARN_INFINITE_RECURSION = YES;
				CLANG_WARN_INT_CONVERSION = YES;
				CLANG_WARN_NON_LITERAL_NULL_CONVERSION = YES;
				CLANG_WARN_OBJC_IMPLICIT_RETAIN_SELF = YES;
				CLANG_WARN_OBJC_LITERAL_CONVERSION = YES;
				CLANG_WARN_OBJC_ROOT_CLASS = YES_ERROR;
				CLANG_WARN_QUOTED_INCLUDE_IN_FRAMEWORK_HEADER = YES;
				CLANG_WARN_RANGE_LOOP_ANALYSIS = YES;
				CLANG_WARN_STRICT_PROTOTYPES = YES;
				CLANG_WARN_SUSPICIOUS_MOVE = YES;
				CLANG_WARN_UNGUARDED_AVAILABILITY = YES_AGGRESSIVE;
				CLANG_WARN_UNREACHABLE_CODE = YES;
				CLANG_WARN__DUPLICATE_METHOD_MATCH = YES;
				COPY_PHASE_STRIP = NO;
				DEBUG_INFORMATION_FORMAT = dwarf;
				ENABLE_STRICT_OBJC_MSGSEND = YES;
				ENABLE_TESTABILITY = YES;
				ENABLE_USER_SCRIPT_SANDBOXING = YES;
				GCC_C_LANGUAGE_STANDARD = gnu17;
				GCC_DYNAMIC_NO_PIC = NO;
				GCC_NO_COMMON_BLOCKS = YES;
				GCC_OPTIMIZATION_LEVEL = 0;
				GCC_PREPROCESSOR_DEFINITIONS = (
					"DEBUG=1",
					"$(inherited)",
				);
				GCC_WARN_64_TO_32_BIT_CONVERSION = YES;
				GCC_WARN_ABOUT_RETURN_TYPE = YES_ERROR;
				GCC_WARN_UNDECLARED_SELECTOR = YES;
				GCC_WARN_UNINITIALIZED_AUTOS = YES_AGGRESSIVE;
				GCC_WARN_UNUSED_FUNCTION = YES;
				GCC_WARN_UNUSED_VARIABLE = YES;
				LOCALIZATION_PREFERS_STRING_CATALOGS = YES;
				MTL_ENABLE_DEBUG_INFO = INCLUDE_SOURCE;
				MTL_FAST_MATH = YES;
				ONLY_ACTIVE_ARCH = YES;
				SDKROOT = xros;
				SWIFT_ACTIVE_COMPILATION_CONDITIONS = "DEBUG $(inherited)";
				SWIFT_OPTIMIZATION_LEVEL = "-Onone";
				XROS_DEPLOYMENT_TARGET = 1.0;
			};
			name = Debug;
		};
		2D4484592B794BBF00940573 /* Release */ = {
			isa = XCBuildConfiguration;
			buildSettings = {
				ALWAYS_SEARCH_USER_PATHS = NO;
				ASSETCATALOG_COMPILER_GENERATE_SWIFT_ASSET_SYMBOL_EXTENSIONS = YES;
				CLANG_ANALYZER_NONNULL = YES;
				CLANG_ANALYZER_NUMBER_OBJECT_CONVERSION = YES_AGGRESSIVE;
				CLANG_CXX_LANGUAGE_STANDARD = "gnu++20";
				CLANG_ENABLE_MODULES = YES;
				CLANG_ENABLE_OBJC_ARC = YES;
				CLANG_ENABLE_OBJC_WEAK = YES;
				CLANG_WARN_BLOCK_CAPTURE_AUTORELEASING = YES;
				CLANG_WARN_BOOL_CONVERSION = YES;
				CLANG_WARN_COMMA = YES;
				CLANG_WARN_CONSTANT_CONVERSION = YES;
				CLANG_WARN_DEPRECATED_OBJC_IMPLEMENTATIONS = YES;
				CLANG_WARN_DIRECT_OBJC_ISA_USAGE = YES_ERROR;
				CLANG_WARN_DOCUMENTATION_COMMENTS = YES;
				CLANG_WARN_EMPTY_BODY = YES;
				CLANG_WARN_ENUM_CONVERSION = YES;
				CLANG_WARN_INFINITE_RECURSION = YES;
				CLANG_WARN_INT_CONVERSION = YES;
				CLANG_WARN_NON_LITERAL_NULL_CONVERSION = YES;
				CLANG_WARN_OBJC_IMPLICIT_RETAIN_SELF = YES;
				CLANG_WARN_OBJC_LITERAL_CONVERSION = YES;
				CLANG_WARN_OBJC_ROOT_CLASS = YES_ERROR;
				CLANG_WARN_QUOTED_INCLUDE_IN_FRAMEWORK_HEADER = YES;
				CLANG_WARN_RANGE_LOOP_ANALYSIS = YES;
				CLANG_WARN_STRICT_PROTOTYPES = YES;
				CLANG_WARN_SUSPICIOUS_MOVE = YES;
				CLANG_WARN_UNGUARDED_AVAILABILITY = YES_AGGRESSIVE;
				CLANG_WARN_UNREACHABLE_CODE = YES;
				CLANG_WARN__DUPLICATE_METHOD_MATCH = YES;
				COPY_PHASE_STRIP = NO;
				DEBUG_INFORMATION_FORMAT = "dwarf-with-dsym";
				ENABLE_NS_ASSERTIONS = NO;
				ENABLE_STRICT_OBJC_MSGSEND = YES;
				ENABLE_USER_SCRIPT_SANDBOXING = YES;
				GCC_C_LANGUAGE_STANDARD = gnu17;
				GCC_NO_COMMON_BLOCKS = YES;
				GCC_WARN_64_TO_32_BIT_CONVERSION = YES;
				GCC_WARN_ABOUT_RETURN_TYPE = YES_ERROR;
				GCC_WARN_UNDECLARED_SELECTOR = YES;
				GCC_WARN_UNINITIALIZED_AUTOS = YES_AGGRESSIVE;
				GCC_WARN_UNUSED_FUNCTION = YES;
				GCC_WARN_UNUSED_VARIABLE = YES;
				LOCALIZATION_PREFERS_STRING_CATALOGS = YES;
				MTL_ENABLE_DEBUG_INFO = NO;
				MTL_FAST_MATH = YES;
				SDKROOT = xros;
				SWIFT_COMPILATION_MODE = wholemodule;
				VALIDATE_PRODUCT = YES;
				XROS_DEPLOYMENT_TARGET = 1.0;
			};
			name = Release;
		};
		2D44845B2B794BBF00940573 /* Debug */ = {
			isa = XCBuildConfiguration;
			buildSettings = {
				ASSETCATALOG_COMPILER_APPICON_NAME = AppIcon;
				ASSETCATALOG_COMPILER_GLOBAL_ACCENT_COLOR_NAME = AccentColor;
				CODE_SIGN_STYLE = Automatic;
				CURRENT_PROJECT_VERSION = 1;
				DEVELOPMENT_ASSET_PATHS = "\"Day_001/Preview Content\"";
				DEVELOPMENT_TEAM = 2QY2DX5M2Y;
				ENABLE_PREVIEWS = YES;
				GENERATE_INFOPLIST_FILE = YES;
				INFOPLIST_FILE = "$(TARGET_NAME)/Info.plist";
				LD_RUNPATH_SEARCH_PATHS = (
					"$(inherited)",
					"@executable_path/Frameworks",
				);
				MARKETING_VERSION = 1.0;
				PRODUCT_BUNDLE_IDENTIFIER = "com.cotr.Day-001";
				PRODUCT_NAME = "$(TARGET_NAME)";
				SUPPORTED_PLATFORMS = "xros xrsimulator";
				SWIFT_EMIT_LOC_STRINGS = YES;
				SWIFT_VERSION = 5.0;
				TARGETED_DEVICE_FAMILY = "1,2,7";
			};
			name = Debug;
		};
		2D44845C2B794BBF00940573 /* Release */ = {
			isa = XCBuildConfiguration;
			buildSettings = {
				ASSETCATALOG_COMPILER_APPICON_NAME = AppIcon;
				ASSETCATALOG_COMPILER_GLOBAL_ACCENT_COLOR_NAME = AccentColor;
				CODE_SIGN_STYLE = Automatic;
				CURRENT_PROJECT_VERSION = 1;
				DEVELOPMENT_ASSET_PATHS = "\"Day_001/Preview Content\"";
				DEVELOPMENT_TEAM = 2QY2DX5M2Y;
				ENABLE_PREVIEWS = YES;
				GENERATE_INFOPLIST_FILE = YES;
				INFOPLIST_FILE = "$(TARGET_NAME)/Info.plist";
				LD_RUNPATH_SEARCH_PATHS = (
					"$(inherited)",
					"@executable_path/Frameworks",
				);
				MARKETING_VERSION = 1.0;
				PRODUCT_BUNDLE_IDENTIFIER = "com.cotr.Day-001";
				PRODUCT_NAME = "$(TARGET_NAME)";
				SUPPORTED_PLATFORMS = "xros xrsimulator";
				SWIFT_EMIT_LOC_STRINGS = YES;
				SWIFT_VERSION = 5.0;
				TARGETED_DEVICE_FAMILY = "1,2,7";
			};
			name = Release;
		};
		2D44845E2B794BBF00940573 /* Debug */ = {
			isa = XCBuildConfiguration;
			buildSettings = {
				ALWAYS_EMBED_SWIFT_STANDARD_LIBRARIES = YES;
				BUNDLE_LOADER = "$(TEST_HOST)";
				CODE_SIGN_STYLE = Automatic;
				CURRENT_PROJECT_VERSION = 1;
				DEVELOPMENT_TEAM = 2QY2DX5M2Y;
				GENERATE_INFOPLIST_FILE = YES;
				MARKETING_VERSION = 1.0;
				PRODUCT_BUNDLE_IDENTIFIER = "com.cotr.Day-001Tests";
				PRODUCT_NAME = "$(TARGET_NAME)";
				SUPPORTED_PLATFORMS = "xros xrsimulator";
				SWIFT_EMIT_LOC_STRINGS = NO;
				SWIFT_VERSION = 5.0;
				TARGETED_DEVICE_FAMILY = "1,2,7";
				TEST_HOST = "$(BUILT_PRODUCTS_DIR)/Day_001.app/$(BUNDLE_EXECUTABLE_FOLDER_PATH)/Day_001";
				XROS_DEPLOYMENT_TARGET = 1.0;
			};
			name = Debug;
		};
		2D44845F2B794BBF00940573 /* Release */ = {
			isa = XCBuildConfiguration;
			buildSettings = {
				ALWAYS_EMBED_SWIFT_STANDARD_LIBRARIES = YES;
				BUNDLE_LOADER = "$(TEST_HOST)";
				CODE_SIGN_STYLE = Automatic;
				CURRENT_PROJECT_VERSION = 1;
				DEVELOPMENT_TEAM = 2QY2DX5M2Y;
				GENERATE_INFOPLIST_FILE = YES;
				MARKETING_VERSION = 1.0;
				PRODUCT_BUNDLE_IDENTIFIER = "com.cotr.Day-001Tests";
				PRODUCT_NAME = "$(TARGET_NAME)";
				SUPPORTED_PLATFORMS = "xros xrsimulator";
				SWIFT_EMIT_LOC_STRINGS = NO;
				SWIFT_VERSION = 5.0;
				TARGETED_DEVICE_FAMILY = "1,2,7";
				TEST_HOST = "$(BUILT_PRODUCTS_DIR)/Day_001.app/$(BUNDLE_EXECUTABLE_FOLDER_PATH)/Day_001";
				XROS_DEPLOYMENT_TARGET = 1.0;
			};
			name = Release;
		};
/* End XCBuildConfiguration section */

/* Begin XCConfigurationList section */
		2D4484382B794BBE00940573 /* Build configuration list for PBXProject "Day_001" */ = {
			isa = XCConfigurationList;
			buildConfigurations = (
				2D4484582B794BBF00940573 /* Debug */,
				2D4484592B794BBF00940573 /* Release */,
			);
			defaultConfigurationIsVisible = 0;
			defaultConfigurationName = Release;
		};
		2D44845A2B794BBF00940573 /* Build configuration list for PBXNativeTarget "Day_001" */ = {
			isa = XCConfigurationList;
			buildConfigurations = (
				2D44845B2B794BBF00940573 /* Debug */,
				2D44845C2B794BBF00940573 /* Release */,
			);
			defaultConfigurationIsVisible = 0;
			defaultConfigurationName = Release;
		};
		2D44845D2B794BBF00940573 /* Build configuration list for PBXNativeTarget "Day_001Tests" */ = {
			isa = XCConfigurationList;
			buildConfigurations = (
				2D44845E2B794BBF00940573 /* Debug */,
				2D44845F2B794BBF00940573 /* Release */,
			);
			defaultConfigurationIsVisible = 0;
			defaultConfigurationName = Release;
		};
/* End XCConfigurationList section */

/* Begin XCSwiftPackageProductDependency section */
		2D4484422B794BBE00940573 /* RealityKitContent */ = {
			isa = XCSwiftPackageProductDependency;
			productName = RealityKitContent;
		};
/* End XCSwiftPackageProductDependency section */
	};
	rootObject = 2D4484352B794BBE00940573 /* Project object */;
}
