// !$*UTF8*$!
{
	archiveVersion = 1;
	classes = {
	};
	objectVersion = 56;
	objects = {

/* Begin PBXBuildFile section */
		2DB2C3B02B8E93BC008C16CC /* RealityKitContent in Frameworks */ = {isa = PBXBuildFile; productRef = 2DB2C3AF2B8E93BC008C16CC /* RealityKitContent */; };
		2DB2C3B22B8E93BC008C16CC /* Day009App.swift in Sources */ = {isa = PBXBuildFile; fileRef = 2DB2C3B12B8E93BC008C16CC /* Day009App.swift */; };
		2DB2C3B42B8E93BC008C16CC /* ContentView.swift in Sources */ = {isa = PBXBuildFile; fileRef = 2DB2C3B32B8E93BC008C16CC /* ContentView.swift */; };
		2DB2C3B62B8E93BC008C16CC /* ImmersiveView.swift in Sources */ = {isa = PBXBuildFile; fileRef = 2DB2C3B52B8E93BC008C16CC /* ImmersiveView.swift */; };
		2DB2C3B82B8E93BC008C16CC /* ImageBasedLighting.skybox in Resources */ = {isa = PBXBuildFile; fileRef = 2DB2C3B72B8E93BC008C16CC /* ImageBasedLighting.skybox */; };
		2DB2C3BA2B8E93BE008C16CC /* Assets.xcassets in Resources */ = {isa = PBXBuildFile; fileRef = 2DB2C3B92B8E93BE008C16CC /* Assets.xcassets */; };
		2DB2C3BD2B8E93BE008C16CC /* Preview Assets.xcassets in Resources */ = {isa = PBXBuildFile; fileRef = 2DB2C3BC2B8E93BE008C16CC /* Preview Assets.xcassets */; };
		2DB2C3C82B8E93BE008C16CC /* Day009Tests.swift in Sources */ = {isa = PBXBuildFile; fileRef = 2DB2C3C72B8E93BE008C16CC /* Day009Tests.swift */; };
/* End PBXBuildFile section */

/* Begin PBXContainerItemProxy section */
		2DB2C3C42B8E93BE008C16CC /* PBXContainerItemProxy */ = {
			isa = PBXContainerItemProxy;
			containerPortal = 2DB2C3A22B8E93BC008C16CC /* Project object */;
			proxyType = 1;
			remoteGlobalIDString = 2DB2C3A92B8E93BC008C16CC;
			remoteInfo = Day009;
		};
/* End PBXContainerItemProxy section */

/* Begin PBXFileReference section */
		2DB2C3AA2B8E93BC008C16CC /* Day009.app */ = {isa = PBXFileReference; explicitFileType = wrapper.application; includeInIndex = 0; path = Day009.app; sourceTree = BUILT_PRODUCTS_DIR; };
		2DB2C3AE2B8E93BC008C16CC /* RealityKitContent */ = {isa = PBXFileReference; lastKnownFileType = wrapper; path = RealityKitContent; sourceTree = "<group>"; };
		2DB2C3B12B8E93BC008C16CC /* Day009App.swift */ = {isa = PBXFileReference; lastKnownFileType = sourcecode.swift; path = Day009App.swift; sourceTree = "<group>"; };
		2DB2C3B32B8E93BC008C16CC /* ContentView.swift */ = {isa = PBXFileReference; lastKnownFileType = sourcecode.swift; path = ContentView.swift; sourceTree = "<group>"; };
		2DB2C3B52B8E93BC008C16CC /* ImmersiveView.swift */ = {isa = PBXFileReference; lastKnownFileType = sourcecode.swift; path = ImmersiveView.swift; sourceTree = "<group>"; };
		2DB2C3B72B8E93BC008C16CC /* ImageBasedLighting.skybox */ = {isa = PBXFileReference; lastKnownFileType = file.skybox; path = ImageBasedLighting.skybox; sourceTree = "<group>"; };
		2DB2C3B92B8E93BE008C16CC /* Assets.xcassets */ = {isa = PBXFileReference; lastKnownFileType = folder.assetcatalog; path = Assets.xcassets; sourceTree = "<group>"; };
		2DB2C3BC2B8E93BE008C16CC /* Preview Assets.xcassets */ = {isa = PBXFileReference; lastKnownFileType = folder.assetcatalog; path = "Preview Assets.xcassets"; sourceTree = "<group>"; };
		2DB2C3BE2B8E93BE008C16CC /* Info.plist */ = {isa = PBXFileReference; lastKnownFileType = text.plist.xml; path = Info.plist; sourceTree = "<group>"; };
		2DB2C3C32B8E93BE008C16CC /* Day009Tests.xctest */ = {isa = PBXFileReference; explicitFileType = wrapper.cfbundle; includeInIndex = 0; path = Day009Tests.xctest; sourceTree = BUILT_PRODUCTS_DIR; };
		2DB2C3C72B8E93BE008C16CC /* Day009Tests.swift */ = {isa = PBXFileReference; lastKnownFileType = sourcecode.swift; path = Day009Tests.swift; sourceTree = "<group>"; };
		2DB2C3D12B8E93C7008C16CC /* README.md */ = {isa = PBXFileReference; lastKnownFileType = net.daringfireball.markdown; path = README.md; sourceTree = "<group>"; };
/* End PBXFileReference section */

/* Begin PBXFrameworksBuildPhase section */
		2DB2C3A72B8E93BC008C16CC /* Frameworks */ = {
			isa = PBXFrameworksBuildPhase;
			buildActionMask = 2147483647;
			files = (
				2DB2C3B02B8E93BC008C16CC /* RealityKitContent in Frameworks */,
			);
			runOnlyForDeploymentPostprocessing = 0;
		};
		2DB2C3C02B8E93BE008C16CC /* Frameworks */ = {
			isa = PBXFrameworksBuildPhase;
			buildActionMask = 2147483647;
			files = (
			);
			runOnlyForDeploymentPostprocessing = 0;
		};
/* End PBXFrameworksBuildPhase section */

/* Begin PBXGroup section */
		2DB2C3A12B8E93BC008C16CC = {
			isa = PBXGroup;
			children = (
				2DB2C3D12B8E93C7008C16CC /* README.md */,
				2DB2C3AC2B8E93BC008C16CC /* Day009 */,
				2DB2C3AD2B8E93BC008C16CC /* Packages */,
				2DB2C3C62B8E93BE008C16CC /* Day009Tests */,
				2DB2C3AB2B8E93BC008C16CC /* Products */,
			);
			sourceTree = "<group>";
		};
		2DB2C3AB2B8E93BC008C16CC /* Products */ = {
			isa = PBXGroup;
			children = (
				2DB2C3AA2B8E93BC008C16CC /* Day009.app */,
				2DB2C3C32B8E93BE008C16CC /* Day009Tests.xctest */,
			);
			name = Products;
			sourceTree = "<group>";
		};
		2DB2C3AC2B8E93BC008C16CC /* Day009 */ = {
			isa = PBXGroup;
			children = (
				2DB2C3B12B8E93BC008C16CC /* Day009App.swift */,
				2DB2C3B32B8E93BC008C16CC /* ContentView.swift */,
				2DB2C3B52B8E93BC008C16CC /* ImmersiveView.swift */,
				2DB2C3B72B8E93BC008C16CC /* ImageBasedLighting.skybox */,
				2DB2C3B92B8E93BE008C16CC /* Assets.xcassets */,
				2DB2C3BE2B8E93BE008C16CC /* Info.plist */,
				2DB2C3BB2B8E93BE008C16CC /* Preview Content */,
			);
			path = Day009;
			sourceTree = "<group>";
		};
		2DB2C3AD2B8E93BC008C16CC /* Packages */ = {
			isa = PBXGroup;
			children = (
				2DB2C3AE2B8E93BC008C16CC /* RealityKitContent */,
			);
			path = Packages;
			sourceTree = "<group>";
		};
		2DB2C3BB2B8E93BE008C16CC /* Preview Content */ = {
			isa = PBXGroup;
			children = (
				2DB2C3BC2B8E93BE008C16CC /* Preview Assets.xcassets */,
			);
			path = "Preview Content";
			sourceTree = "<group>";
		};
		2DB2C3C62B8E93BE008C16CC /* Day009Tests */ = {
			isa = PBXGroup;
			children = (
				2DB2C3C72B8E93BE008C16CC /* Day009Tests.swift */,
			);
			path = Day009Tests;
			sourceTree = "<group>";
		};
/* End PBXGroup section */

/* Begin PBXNativeTarget section */
		2DB2C3A92B8E93BC008C16CC /* Day009 */ = {
			isa = PBXNativeTarget;
			buildConfigurationList = 2DB2C3CB2B8E93BE008C16CC /* Build configuration list for PBXNativeTarget "Day009" */;
			buildPhases = (
				2DB2C3A62B8E93BC008C16CC /* Sources */,
				2DB2C3A72B8E93BC008C16CC /* Frameworks */,
				2DB2C3A82B8E93BC008C16CC /* Resources */,
			);
			buildRules = (
			);
			dependencies = (
			);
			name = Day009;
			packageProductDependencies = (
				2DB2C3AF2B8E93BC008C16CC /* RealityKitContent */,
			);
			productName = Day009;
			productReference = 2DB2C3AA2B8E93BC008C16CC /* Day009.app */;
			productType = "com.apple.product-type.application";
		};
		2DB2C3C22B8E93BE008C16CC /* Day009Tests */ = {
			isa = PBXNativeTarget;
			buildConfigurationList = 2DB2C3CE2B8E93BE008C16CC /* Build configuration list for PBXNativeTarget "Day009Tests" */;
			buildPhases = (
				2DB2C3BF2B8E93BE008C16CC /* Sources */,
				2DB2C3C02B8E93BE008C16CC /* Frameworks */,
				2DB2C3C12B8E93BE008C16CC /* Resources */,
			);
			buildRules = (
			);
			dependencies = (
				2DB2C3C52B8E93BE008C16CC /* PBXTargetDependency */,
			);
			name = Day009Tests;
			productName = Day009Tests;
			productReference = 2DB2C3C32B8E93BE008C16CC /* Day009Tests.xctest */;
			productType = "com.apple.product-type.bundle.unit-test";
		};
/* End PBXNativeTarget section */

/* Begin PBXProject section */
		2DB2C3A22B8E93BC008C16CC /* Project object */ = {
			isa = PBXProject;
			attributes = {
				BuildIndependentTargetsInParallel = 1;
				LastSwiftUpdateCheck = 1520;
				LastUpgradeCheck = 1520;
				TargetAttributes = {
					2DB2C3A92B8E93BC008C16CC = {
						CreatedOnToolsVersion = 15.2;
					};
					2DB2C3C22B8E93BE008C16CC = {
						CreatedOnToolsVersion = 15.2;
						TestTargetID = 2DB2C3A92B8E93BC008C16CC;
					};
				};
			};
			buildConfigurationList = 2DB2C3A52B8E93BC008C16CC /* Build configuration list for PBXProject "Day009" */;
			compatibilityVersion = "Xcode 14.0";
			developmentRegion = en;
			hasScannedForEncodings = 0;
			knownRegions = (
				en,
				Base,
			);
			mainGroup = 2DB2C3A12B8E93BC008C16CC;
			productRefGroup = 2DB2C3AB2B8E93BC008C16CC /* Products */;
			projectDirPath = "";
			projectRoot = "";
			targets = (
				2DB2C3A92B8E93BC008C16CC /* Day009 */,
				2DB2C3C22B8E93BE008C16CC /* Day009Tests */,
			);
		};
/* End PBXProject section */

/* Begin PBXResourcesBuildPhase section */
		2DB2C3A82B8E93BC008C16CC /* Resources */ = {
			isa = PBXResourcesBuildPhase;
			buildActionMask = 2147483647;
			files = (
				2DB2C3BA2B8E93BE008C16CC /* Assets.xcassets in Resources */,
				2DB2C3BD2B8E93BE008C16CC /* Preview Assets.xcassets in Resources */,
				2DB2C3B82B8E93BC008C16CC /* ImageBasedLighting.skybox in Resources */,
			);
			runOnlyForDeploymentPostprocessing = 0;
		};
		2DB2C3C12B8E93BE008C16CC /* Resources */ = {
			isa = PBXResourcesBuildPhase;
			buildActionMask = 2147483647;
			files = (
			);
			runOnlyForDeploymentPostprocessing = 0;
		};
/* End PBXResourcesBuildPhase section */

/* Begin PBXSourcesBuildPhase section */
		2DB2C3A62B8E93BC008C16CC /* Sources */ = {
			isa = PBXSourcesBuildPhase;
			buildActionMask = 2147483647;
			files = (
				2DB2C3B42B8E93BC008C16CC /* ContentView.swift in Sources */,
				2DB2C3B22B8E93BC008C16CC /* Day009App.swift in Sources */,
				2DB2C3B62B8E93BC008C16CC /* ImmersiveView.swift in Sources */,
			);
			runOnlyForDeploymentPostprocessing = 0;
		};
		2DB2C3BF2B8E93BE008C16CC /* Sources */ = {
			isa = PBXSourcesBuildPhase;
			buildActionMask = 2147483647;
			files = (
				2DB2C3C82B8E93BE008C16CC /* Day009Tests.swift in Sources */,
			);
			runOnlyForDeploymentPostprocessing = 0;
		};
/* End PBXSourcesBuildPhase section */

/* Begin PBXTargetDependency section */
		2DB2C3C52B8E93BE008C16CC /* PBXTargetDependency */ = {
			isa = PBXTargetDependency;
			target = 2DB2C3A92B8E93BC008C16CC /* Day009 */;
			targetProxy = 2DB2C3C42B8E93BE008C16CC /* PBXContainerItemProxy */;
		};
/* End PBXTargetDependency section */

/* Begin XCBuildConfiguration section */
		2DB2C3C92B8E93BE008C16CC /* Debug */ = {
			isa = XCBuildConfiguration;
			buildSettings = {
				ALWAYS_SEARCH_USER_PATHS = NO;
				ASSETCATALOG_COMPILER_GENERATE_SWIFT_ASSET_SYMBOL_EXTENSIONS = YES;
				CLANG_ANALYZER_NONNULL = YES;
				CLANG_ANALYZER_NUMBER_OBJECT_CONVERSION = YES_AGGRESSIVE;
				CLANG_CXX_LANGUAGE_STANDARD = "gnu++20";
				CLANG_ENABLE_MODULES = YES;
				CLANG_ENABLE_OBJC_ARC = YES;
				CLANG_ENABLE_OBJC_WEAK = YES;
				CLANG_WARN_BLOCK_CAPTURE_AUTORELEASING = YES;
				CLANG_WARN_BOOL_CONVERSION = YES;
				CLANG_WARN_COMMA = YES;
				CLANG_WARN_CONSTANT_CONVERSION = YES;
				CLANG_WARN_DEPRECATED_OBJC_IMPLEMENTATIONS = YES;
				CLANG_WARN_DIRECT_OBJC_ISA_USAGE = YES_ERROR;
				CLANG_WARN_DOCUMENTATION_COMMENTS = YES;
				CLANG_WARN_EMPTY_BODY = YES;
				CLANG_WARN_ENUM_CONVERSION = YES;
				CLANG_WARN_INFINITE_RECURSION = YES;
				CLANG_WARN_INT_CONVERSION = YES;
				CLANG_WARN_NON_LITERAL_NULL_CONVERSION = YES;
				CLANG_WARN_OBJC_IMPLICIT_RETAIN_SELF = YES;
				CLANG_WARN_OBJC_LITERAL_CONVERSION = YES;
				CLANG_WARN_OBJC_ROOT_CLASS = YES_ERROR;
				CLANG_WARN_QUOTED_INCLUDE_IN_FRAMEWORK_HEADER = YES;
				CLANG_WARN_RANGE_LOOP_ANALYSIS = YES;
				CLANG_WARN_STRICT_PROTOTYPES = YES;
				CLANG_WARN_SUSPICIOUS_MOVE = YES;
				CLANG_WARN_UNGUARDED_AVAILABILITY = YES_AGGRESSIVE;
				CLANG_WARN_UNREACHABLE_CODE = YES;
				CLANG_WARN__DUPLICATE_METHOD_MATCH = YES;
				COPY_PHASE_STRIP = NO;
				DEBUG_INFORMATION_FORMAT = dwarf;
				ENABLE_STRICT_OBJC_MSGSEND = YES;
				ENABLE_TESTABILITY = YES;
				ENABLE_USER_SCRIPT_SANDBOXING = YES;
				GCC_C_LANGUAGE_STANDARD = gnu17;
				GCC_DYNAMIC_NO_PIC = NO;
				GCC_NO_COMMON_BLOCKS = YES;
				GCC_OPTIMIZATION_LEVEL = 0;
				GCC_PREPROCESSOR_DEFINITIONS = (
					"DEBUG=1",
					"$(inherited)",
				);
				GCC_WARN_64_TO_32_BIT_CONVERSION = YES;
				GCC_WARN_ABOUT_RETURN_TYPE = YES_ERROR;
				GCC_WARN_UNDECLARED_SELECTOR = YES;
				GCC_WARN_UNINITIALIZED_AUTOS = YES_AGGRESSIVE;
				GCC_WARN_UNUSED_FUNCTION = YES;
				GCC_WARN_UNUSED_VARIABLE = YES;
				LOCALIZATION_PREFERS_STRING_CATALOGS = YES;
				MTL_ENABLE_DEBUG_INFO = INCLUDE_SOURCE;
				MTL_FAST_MATH = YES;
				ONLY_ACTIVE_ARCH = YES;
				SDKROOT = xros;
				SWIFT_ACTIVE_COMPILATION_CONDITIONS = "DEBUG $(inherited)";
				SWIFT_OPTIMIZATION_LEVEL = "-Onone";
				XROS_DEPLOYMENT_TARGET = 1.0;
			};
			name = Debug;
		};
		2DB2C3CA2B8E93BE008C16CC /* Release */ = {
			isa = XCBuildConfiguration;
			buildSettings = {
				ALWAYS_SEARCH_USER_PATHS = NO;
				ASSETCATALOG_COMPILER_GENERATE_SWIFT_ASSET_SYMBOL_EXTENSIONS = YES;
				CLANG_ANALYZER_NONNULL = YES;
				CLANG_ANALYZER_NUMBER_OBJECT_CONVERSION = YES_AGGRESSIVE;
				CLANG_CXX_LANGUAGE_STANDARD = "gnu++20";
				CLANG_ENABLE_MODULES = YES;
				CLANG_ENABLE_OBJC_ARC = YES;
				CLANG_ENABLE_OBJC_WEAK = YES;
				CLANG_WARN_BLOCK_CAPTURE_AUTORELEASING = YES;
				CLANG_WARN_BOOL_CONVERSION = YES;
				CLANG_WARN_COMMA = YES;
				CLANG_WARN_CONSTANT_CONVERSION = YES;
				CLANG_WARN_DEPRECATED_OBJC_IMPLEMENTATIONS = YES;
				CLANG_WARN_DIRECT_OBJC_ISA_USAGE = YES_ERROR;
				CLANG_WARN_DOCUMENTATION_COMMENTS = YES;
				CLANG_WARN_EMPTY_BODY = YES;
				CLANG_WARN_ENUM_CONVERSION = YES;
				CLANG_WARN_INFINITE_RECURSION = YES;
				CLANG_WARN_INT_CONVERSION = YES;
				CLANG_WARN_NON_LITERAL_NULL_CONVERSION = YES;
				CLANG_WARN_OBJC_IMPLICIT_RETAIN_SELF = YES;
				CLANG_WARN_OBJC_LITERAL_CONVERSION = YES;
				CLANG_WARN_OBJC_ROOT_CLASS = YES_ERROR;
				CLANG_WARN_QUOTED_INCLUDE_IN_FRAMEWORK_HEADER = YES;
				CLANG_WARN_RANGE_LOOP_ANALYSIS = YES;
				CLANG_WARN_STRICT_PROTOTYPES = YES;
				CLANG_WARN_SUSPICIOUS_MOVE = YES;
				CLANG_WARN_UNGUARDED_AVAILABILITY = YES_AGGRESSIVE;
				CLANG_WARN_UNREACHABLE_CODE = YES;
				CLANG_WARN__DUPLICATE_METHOD_MATCH = YES;
				COPY_PHASE_STRIP = NO;
				DEBUG_INFORMATION_FORMAT = "dwarf-with-dsym";
				ENABLE_NS_ASSERTIONS = NO;
				ENABLE_STRICT_OBJC_MSGSEND = YES;
				ENABLE_USER_SCRIPT_SANDBOXING = YES;
				GCC_C_LANGUAGE_STANDARD = gnu17;
				GCC_NO_COMMON_BLOCKS = YES;
				GCC_WARN_64_TO_32_BIT_CONVERSION = YES;
				GCC_WARN_ABOUT_RETURN_TYPE = YES_ERROR;
				GCC_WARN_UNDECLARED_SELECTOR = YES;
				GCC_WARN_UNINITIALIZED_AUTOS = YES_AGGRESSIVE;
				GCC_WARN_UNUSED_FUNCTION = YES;
				GCC_WARN_UNUSED_VARIABLE = YES;
				LOCALIZATION_PREFERS_STRING_CATALOGS = YES;
				MTL_ENABLE_DEBUG_INFO = NO;
				MTL_FAST_MATH = YES;
				SDKROOT = xros;
				SWIFT_COMPILATION_MODE = wholemodule;
				VALIDATE_PRODUCT = YES;
				XROS_DEPLOYMENT_TARGET = 1.0;
			};
			name = Release;
		};
		2DB2C3CC2B8E93BE008C16CC /* Debug */ = {
			isa = XCBuildConfiguration;
			buildSettings = {
				ASSETCATALOG_COMPILER_APPICON_NAME = AppIcon;
				ASSETCATALOG_COMPILER_GLOBAL_ACCENT_COLOR_NAME = AccentColor;
				CODE_SIGN_STYLE = Automatic;
				CURRENT_PROJECT_VERSION = 1;
				DEVELOPMENT_ASSET_PATHS = "\"Day009/Preview Content\"";
				DEVELOPMENT_TEAM = 592Z9GPUM9;
				ENABLE_PREVIEWS = YES;
				GENERATE_INFOPLIST_FILE = YES;
				INFOPLIST_FILE = "$(TARGET_NAME)/Info.plist";
				LD_RUNPATH_SEARCH_PATHS = (
					"$(inherited)",
					"@executable_path/Frameworks",
				);
				MARKETING_VERSION = 1.0;
				PRODUCT_BUNDLE_IDENTIFIER = com.cotr.Day009;
				PRODUCT_NAME = "$(TARGET_NAME)";
				SUPPORTED_PLATFORMS = "xros xrsimulator";
				SWIFT_EMIT_LOC_STRINGS = YES;
				SWIFT_VERSION = 5.0;
				TARGETED_DEVICE_FAMILY = "1,2,7";
			};
			name = Debug;
		};
		2DB2C3CD2B8E93BE008C16CC /* Release */ = {
			isa = XCBuildConfiguration;
			buildSettings = {
				ASSETCATALOG_COMPILER_APPICON_NAME = AppIcon;
				ASSETCATALOG_COMPILER_GLOBAL_ACCENT_COLOR_NAME = AccentColor;
				CODE_SIGN_STYLE = Automatic;
				CURRENT_PROJECT_VERSION = 1;
				DEVELOPMENT_ASSET_PATHS = "\"Day009/Preview Content\"";
				DEVELOPMENT_TEAM = 592Z9GPUM9;
				ENABLE_PREVIEWS = YES;
				GENERATE_INFOPLIST_FILE = YES;
				INFOPLIST_FILE = "$(TARGET_NAME)/Info.plist";
				LD_RUNPATH_SEARCH_PATHS = (
					"$(inherited)",
					"@executable_path/Frameworks",
				);
				MARKETING_VERSION = 1.0;
				PRODUCT_BUNDLE_IDENTIFIER = com.cotr.Day009;
				PRODUCT_NAME = "$(TARGET_NAME)";
				SUPPORTED_PLATFORMS = "xros xrsimulator";
				SWIFT_EMIT_LOC_STRINGS = YES;
				SWIFT_VERSION = 5.0;
				TARGETED_DEVICE_FAMILY = "1,2,7";
			};
			name = Release;
		};
		2DB2C3CF2B8E93BE008C16CC /* Debug */ = {
			isa = XCBuildConfiguration;
			buildSettings = {
				ALWAYS_EMBED_SWIFT_STANDARD_LIBRARIES = YES;
				BUNDLE_LOADER = "$(TEST_HOST)";
				CODE_SIGN_STYLE = Automatic;
				CURRENT_PROJECT_VERSION = 1;
				DEVELOPMENT_TEAM = 592Z9GPUM9;
				GENERATE_INFOPLIST_FILE = YES;
				MARKETING_VERSION = 1.0;
				PRODUCT_BUNDLE_IDENTIFIER = com.cotr.Day009Tests;
				PRODUCT_NAME = "$(TARGET_NAME)";
				SUPPORTED_PLATFORMS = "xros xrsimulator";
				SWIFT_EMIT_LOC_STRINGS = NO;
				SWIFT_VERSION = 5.0;
				TARGETED_DEVICE_FAMILY = "1,2,7";
				TEST_HOST = "$(BUILT_PRODUCTS_DIR)/Day009.app/$(BUNDLE_EXECUTABLE_FOLDER_PATH)/Day009";
				XROS_DEPLOYMENT_TARGET = 1.0;
			};
			name = Debug;
		};
		2DB2C3D02B8E93BE008C16CC /* Release */ = {
			isa = XCBuildConfiguration;
			buildSettings = {
				ALWAYS_EMBED_SWIFT_STANDARD_LIBRARIES = YES;
				BUNDLE_LOADER = "$(TEST_HOST)";
				CODE_SIGN_STYLE = Automatic;
				CURRENT_PROJECT_VERSION = 1;
				DEVELOPMENT_TEAM = 592Z9GPUM9;
				GENERATE_INFOPLIST_FILE = YES;
				MARKETING_VERSION = 1.0;
				PRODUCT_BUNDLE_IDENTIFIER = com.cotr.Day009Tests;
				PRODUCT_NAME = "$(TARGET_NAME)";
				SUPPORTED_PLATFORMS = "xros xrsimulator";
				SWIFT_EMIT_LOC_STRINGS = NO;
				SWIFT_VERSION = 5.0;
				TARGETED_DEVICE_FAMILY = "1,2,7";
				TEST_HOST = "$(BUILT_PRODUCTS_DIR)/Day009.app/$(BUNDLE_EXECUTABLE_FOLDER_PATH)/Day009";
				XROS_DEPLOYMENT_TARGET = 1.0;
			};
			name = Release;
		};
/* End XCBuildConfiguration section */

/* Begin XCConfigurationList section */
		2DB2C3A52B8E93BC008C16CC /* Build configuration list for PBXProject "Day009" */ = {
			isa = XCConfigurationList;
			buildConfigurations = (
				2DB2C3C92B8E93BE008C16CC /* Debug */,
				2DB2C3CA2B8E93BE008C16CC /* Release */,
			);
			defaultConfigurationIsVisible = 0;
			defaultConfigurationName = Release;
		};
		2DB2C3CB2B8E93BE008C16CC /* Build configuration list for PBXNativeTarget "Day009" */ = {
			isa = XCConfigurationList;
			buildConfigurations = (
				2DB2C3CC2B8E93BE008C16CC /* Debug */,
				2DB2C3CD2B8E93BE008C16CC /* Release */,
			);
			defaultConfigurationIsVisible = 0;
			defaultConfigurationName = Release;
		};
		2DB2C3CE2B8E93BE008C16CC /* Build configuration list for PBXNativeTarget "Day009Tests" */ = {
			isa = XCConfigurationList;
			buildConfigurations = (
				2DB2C3CF2B8E93BE008C16CC /* Debug */,
				2DB2C3D02B8E93BE008C16CC /* Release */,
			);
			defaultConfigurationIsVisible = 0;
			defaultConfigurationName = Release;
		};
/* End XCConfigurationList section */

/* Begin XCSwiftPackageProductDependency section */
		2DB2C3AF2B8E93BC008C16CC /* RealityKitContent */ = {
			isa = XCSwiftPackageProductDependency;
			productName = RealityKitContent;
		};
/* End XCSwiftPackageProductDependency section */
	};
	rootObject = 2DB2C3A22B8E93BC008C16CC /* Project object */;
}
