// !$*UTF8*$!
{
	archiveVersion = 1;
	classes = {
	};
	objectVersion = 56;
	objects = {

/* Begin PBXBuildFile section */
		2D99BE9C2B85466000549B2E /* RealityKitContent in Frameworks */ = {isa = PBXBuildFile; productRef = 2D99BE9B2B85466000549B2E /* RealityKitContent */; };
		2D99BE9E2B85466000549B2E /* Day004App.swift in Sources */ = {isa = PBXBuildFile; fileRef = 2D99BE9D2B85466000549B2E /* Day004App.swift */; };
		2D99BEA02B85466000549B2E /* ContentView.swift in Sources */ = {isa = PBXBuildFile; fileRef = 2D99BE9F2B85466000549B2E /* ContentView.swift */; };
		2D99BEA22B85466200549B2E /* Assets.xcassets in Resources */ = {isa = PBXBuildFile; fileRef = 2D99BEA12B85466200549B2E /* Assets.xcassets */; };
		2D99BEA52B85466200549B2E /* Preview Assets.xcassets in Resources */ = {isa = PBXBuildFile; fileRef = 2D99BEA42B85466200549B2E /* Preview Assets.xcassets */; };
		2D99BEBA2B8547F600549B2E /* Day004ViewModel.swift in Sources */ = {isa = PBXBuildFile; fileRef = 2D99BEB92B8547F600549B2E /* Day004ViewModel.swift */; };
		2D99BEBC2B854AC700549B2E /* ImmersiveView.swift in Sources */ = {isa = PBXBuildFile; fileRef = 2D99BEBB2B854AC700549B2E /* ImmersiveView.swift */; };
/* End PBXBuildFile section */

/* Begin PBXContainerItemProxy section */
		2D99BEAC2B85466300549B2E /* PBXContainerItemProxy */ = {
			isa = PBXContainerItemProxy;
			containerPortal = 2D99BE8E2B85466000549B2E /* Project object */;
			proxyType = 1;
			remoteGlobalIDString = 2D99BE952B85466000549B2E;
			remoteInfo = Day004;
		};
/* End PBXContainerItemProxy section */

/* Begin PBXFileReference section */
		2D99BE962B85466000549B2E /* Day004.app */ = {isa = PBXFileReference; explicitFileType = wrapper.application; includeInIndex = 0; path = Day004.app; sourceTree = BUILT_PRODUCTS_DIR; };
		2D99BE9A2B85466000549B2E /* RealityKitContent */ = {isa = PBXFileReference; lastKnownFileType = wrapper; path = RealityKitContent; sourceTree = "<group>"; };
		2D99BE9D2B85466000549B2E /* Day004App.swift */ = {isa = PBXFileReference; lastKnownFileType = sourcecode.swift; path = Day004App.swift; sourceTree = "<group>"; };
		2D99BE9F2B85466000549B2E /* ContentView.swift */ = {isa = PBXFileReference; lastKnownFileType = sourcecode.swift; path = ContentView.swift; sourceTree = "<group>"; };
		2D99BEA12B85466200549B2E /* Assets.xcassets */ = {isa = PBXFileReference; lastKnownFileType = folder.assetcatalog; path = Assets.xcassets; sourceTree = "<group>"; };
		2D99BEA42B85466200549B2E /* Preview Assets.xcassets */ = {isa = PBXFileReference; lastKnownFileType = folder.assetcatalog; path = "Preview Assets.xcassets"; sourceTree = "<group>"; };
		2D99BEA62B85466200549B2E /* Info.plist */ = {isa = PBXFileReference; lastKnownFileType = text.plist.xml; path = Info.plist; sourceTree = "<group>"; };
		2D99BEAB2B85466300549B2E /* Day004Tests.xctest */ = {isa = PBXFileReference; explicitFileType = wrapper.cfbundle; includeInIndex = 0; path = Day004Tests.xctest; sourceTree = BUILT_PRODUCTS_DIR; };
		2D99BEB92B8547F600549B2E /* Day004ViewModel.swift */ = {isa = PBXFileReference; lastKnownFileType = sourcecode.swift; path = Day004ViewModel.swift; sourceTree = "<group>"; };
		2D99BEBB2B854AC700549B2E /* ImmersiveView.swift */ = {isa = PBXFileReference; lastKnownFileType = sourcecode.swift; path = ImmersiveView.swift; sourceTree = "<group>"; };
		2D99BEBD2B859F2800549B2E /* README.md */ = {isa = PBXFileReference; lastKnownFileType = net.daringfireball.markdown; path = README.md; sourceTree = "<group>"; };
/* End PBXFileReference section */

/* Begin PBXFrameworksBuildPhase section */
		2D99BE932B85466000549B2E /* Frameworks */ = {
			isa = PBXFrameworksBuildPhase;
			buildActionMask = 2147483647;
			files = (
				2D99BE9C2B85466000549B2E /* RealityKitContent in Frameworks */,
			);
			runOnlyForDeploymentPostprocessing = 0;
		};
		2D99BEA82B85466300549B2E /* Frameworks */ = {
			isa = PBXFrameworksBuildPhase;
			buildActionMask = 2147483647;
			files = (
			);
			runOnlyForDeploymentPostprocessing = 0;
		};
/* End PBXFrameworksBuildPhase section */

/* Begin PBXGroup section */
		2D99BE8D2B85466000549B2E = {
			isa = PBXGroup;
			children = (
				2D99BEBD2B859F2800549B2E /* README.md */,
				2D99BE982B85466000549B2E /* Day004 */,
				2D99BE992B85466000549B2E /* Packages */,
				2D99BE972B85466000549B2E /* Products */,
			);
			sourceTree = "<group>";
		};
		2D99BE972B85466000549B2E /* Products */ = {
			isa = PBXGroup;
			children = (
				2D99BE962B85466000549B2E /* Day004.app */,
				2D99BEAB2B85466300549B2E /* Day004Tests.xctest */,
			);
			name = Products;
			sourceTree = "<group>";
		};
		2D99BE982B85466000549B2E /* Day004 */ = {
			isa = PBXGroup;
			children = (
				2D99BE9D2B85466000549B2E /* Day004App.swift */,
				2D99BE9F2B85466000549B2E /* ContentView.swift */,
				2D99BEA12B85466200549B2E /* Assets.xcassets */,
				2D99BEA62B85466200549B2E /* Info.plist */,
				2D99BEA32B85466200549B2E /* Preview Content */,
				2D99BEB92B8547F600549B2E /* Day004ViewModel.swift */,
				2D99BEBB2B854AC700549B2E /* ImmersiveView.swift */,
			);
			path = Day004;
			sourceTree = "<group>";
		};
		2D99BE992B85466000549B2E /* Packages */ = {
			isa = PBXGroup;
			children = (
				2D99BE9A2B85466000549B2E /* RealityKitContent */,
			);
			path = Packages;
			sourceTree = "<group>";
		};
		2D99BEA32B85466200549B2E /* Preview Content */ = {
			isa = PBXGroup;
			children = (
				2D99BEA42B85466200549B2E /* Preview Assets.xcassets */,
			);
			path = "Preview Content";
			sourceTree = "<group>";
		};
/* End PBXGroup section */

/* Begin PBXNativeTarget section */
		2D99BE952B85466000549B2E /* Day004 */ = {
			isa = PBXNativeTarget;
			buildConfigurationList = 2D99BEB32B85466300549B2E /* Build configuration list for PBXNativeTarget "Day004" */;
			buildPhases = (
				2D99BE922B85466000549B2E /* Sources */,
				2D99BE932B85466000549B2E /* Frameworks */,
				2D99BE942B85466000549B2E /* Resources */,
			);
			buildRules = (
			);
			dependencies = (
			);
			name = Day004;
			packageProductDependencies = (
				2D99BE9B2B85466000549B2E /* RealityKitContent */,
			);
			productName = Day004;
			productReference = 2D99BE962B85466000549B2E /* Day004.app */;
			productType = "com.apple.product-type.application";
		};
		2D99BEAA2B85466300549B2E /* Day004Tests */ = {
			isa = PBXNativeTarget;
			buildConfigurationList = 2D99BEB62B85466300549B2E /* Build configuration list for PBXNativeTarget "Day004Tests" */;
			buildPhases = (
				2D99BEA72B85466300549B2E /* Sources */,
				2D99BEA82B85466300549B2E /* Frameworks */,
				2D99BEA92B85466300549B2E /* Resources */,
			);
			buildRules = (
			);
			dependencies = (
				2D99BEAD2B85466300549B2E /* PBXTargetDependency */,
			);
			name = Day004Tests;
			productName = Day004Tests;
			productReference = 2D99BEAB2B85466300549B2E /* Day004Tests.xctest */;
			productType = "com.apple.product-type.bundle.unit-test";
		};
/* End PBXNativeTarget section */

/* Begin PBXProject section */
		2D99BE8E2B85466000549B2E /* Project object */ = {
			isa = PBXProject;
			attributes = {
				BuildIndependentTargetsInParallel = 1;
				LastSwiftUpdateCheck = 1520;
				LastUpgradeCheck = 1520;
				TargetAttributes = {
					2D99BE952B85466000549B2E = {
						CreatedOnToolsVersion = 15.2;
					};
					2D99BEAA2B85466300549B2E = {
						CreatedOnToolsVersion = 15.2;
						TestTargetID = 2D99BE952B85466000549B2E;
					};
				};
			};
			buildConfigurationList = 2D99BE912B85466000549B2E /* Build configuration list for PBXProject "Day004" */;
			compatibilityVersion = "Xcode 14.0";
			developmentRegion = en;
			hasScannedForEncodings = 0;
			knownRegions = (
				en,
				Base,
			);
			mainGroup = 2D99BE8D2B85466000549B2E;
			productRefGroup = 2D99BE972B85466000549B2E /* Products */;
			projectDirPath = "";
			projectRoot = "";
			targets = (
				2D99BE952B85466000549B2E /* Day004 */,
				2D99BEAA2B85466300549B2E /* Day004Tests */,
			);
		};
/* End PBXProject section */

/* Begin PBXResourcesBuildPhase section */
		2D99BE942B85466000549B2E /* Resources */ = {
			isa = PBXResourcesBuildPhase;
			buildActionMask = 2147483647;
			files = (
				2D99BEA52B85466200549B2E /* Preview Assets.xcassets in Resources */,
				2D99BEA22B85466200549B2E /* Assets.xcassets in Resources */,
			);
			runOnlyForDeploymentPostprocessing = 0;
		};
		2D99BEA92B85466300549B2E /* Resources */ = {
			isa = PBXResourcesBuildPhase;
			buildActionMask = 2147483647;
			files = (
			);
			runOnlyForDeploymentPostprocessing = 0;
		};
/* End PBXResourcesBuildPhase section */

/* Begin PBXSourcesBuildPhase section */
		2D99BE922B85466000549B2E /* Sources */ = {
			isa = PBXSourcesBuildPhase;
			buildActionMask = 2147483647;
			files = (
				2D99BEA02B85466000549B2E /* ContentView.swift in Sources */,
				2D99BEBA2B8547F600549B2E /* Day004ViewModel.swift in Sources */,
				2D99BEBC2B854AC700549B2E /* ImmersiveView.swift in Sources */,
				2D99BE9E2B85466000549B2E /* Day004App.swift in Sources */,
			);
			runOnlyForDeploymentPostprocessing = 0;
		};
		2D99BEA72B85466300549B2E /* Sources */ = {
			isa = PBXSourcesBuildPhase;
			buildActionMask = 2147483647;
			files = (
			);
			runOnlyForDeploymentPostprocessing = 0;
		};
/* End PBXSourcesBuildPhase section */

/* Begin PBXTargetDependency section */
		2D99BEAD2B85466300549B2E /* PBXTargetDependency */ = {
			isa = PBXTargetDependency;
			target = 2D99BE952B85466000549B2E /* Day004 */;
			targetProxy = 2D99BEAC2B85466300549B2E /* PBXContainerItemProxy */;
		};
/* End PBXTargetDependency section */

/* Begin XCBuildConfiguration section */
		2D99BEB12B85466300549B2E /* Debug */ = {
			isa = XCBuildConfiguration;
			buildSettings = {
				ALWAYS_SEARCH_USER_PATHS = NO;
				ASSETCATALOG_COMPILER_GENERATE_SWIFT_ASSET_SYMBOL_EXTENSIONS = YES;
				CLANG_ANALYZER_NONNULL = YES;
				CLANG_ANALYZER_NUMBER_OBJECT_CONVERSION = YES_AGGRESSIVE;
				CLANG_CXX_LANGUAGE_STANDARD = "gnu++20";
				CLANG_ENABLE_MODULES = YES;
				CLANG_ENABLE_OBJC_ARC = YES;
				CLANG_ENABLE_OBJC_WEAK = YES;
				CLANG_WARN_BLOCK_CAPTURE_AUTORELEASING = YES;
				CLANG_WARN_BOOL_CONVERSION = YES;
				CLANG_WARN_COMMA = YES;
				CLANG_WARN_CONSTANT_CONVERSION = YES;
				CLANG_WARN_DEPRECATED_OBJC_IMPLEMENTATIONS = YES;
				CLANG_WARN_DIRECT_OBJC_ISA_USAGE = YES_ERROR;
				CLANG_WARN_DOCUMENTATION_COMMENTS = YES;
				CLANG_WARN_EMPTY_BODY = YES;
				CLANG_WARN_ENUM_CONVERSION = YES;
				CLANG_WARN_INFINITE_RECURSION = YES;
				CLANG_WARN_INT_CONVERSION = YES;
				CLANG_WARN_NON_LITERAL_NULL_CONVERSION = YES;
				CLANG_WARN_OBJC_IMPLICIT_RETAIN_SELF = YES;
				CLANG_WARN_OBJC_LITERAL_CONVERSION = YES;
				CLANG_WARN_OBJC_ROOT_CLASS = YES_ERROR;
				CLANG_WARN_QUOTED_INCLUDE_IN_FRAMEWORK_HEADER = YES;
				CLANG_WARN_RANGE_LOOP_ANALYSIS = YES;
				CLANG_WARN_STRICT_PROTOTYPES = YES;
				CLANG_WARN_SUSPICIOUS_MOVE = YES;
				CLANG_WARN_UNGUARDED_AVAILABILITY = YES_AGGRESSIVE;
				CLANG_WARN_UNREACHABLE_CODE = YES;
				CLANG_WARN__DUPLICATE_METHOD_MATCH = YES;
				COPY_PHASE_STRIP = NO;
				DEBUG_INFORMATION_FORMAT = dwarf;
				ENABLE_STRICT_OBJC_MSGSEND = YES;
				ENABLE_TESTABILITY = YES;
				ENABLE_USER_SCRIPT_SANDBOXING = YES;
				GCC_C_LANGUAGE_STANDARD = gnu17;
				GCC_DYNAMIC_NO_PIC = NO;
				GCC_NO_COMMON_BLOCKS = YES;
				GCC_OPTIMIZATION_LEVEL = 0;
				GCC_PREPROCESSOR_DEFINITIONS = (
					"DEBUG=1",
					"$(inherited)",
				);
				GCC_WARN_64_TO_32_BIT_CONVERSION = YES;
				GCC_WARN_ABOUT_RETURN_TYPE = YES_ERROR;
				GCC_WARN_UNDECLARED_SELECTOR = YES;
				GCC_WARN_UNINITIALIZED_AUTOS = YES_AGGRESSIVE;
				GCC_WARN_UNUSED_FUNCTION = YES;
				GCC_WARN_UNUSED_VARIABLE = YES;
				LOCALIZATION_PREFERS_STRING_CATALOGS = YES;
				MTL_ENABLE_DEBUG_INFO = INCLUDE_SOURCE;
				MTL_FAST_MATH = YES;
				ONLY_ACTIVE_ARCH = YES;
				SDKROOT = xros;
				SWIFT_ACTIVE_COMPILATION_CONDITIONS = "DEBUG $(inherited)";
				SWIFT_OPTIMIZATION_LEVEL = "-Onone";
				XROS_DEPLOYMENT_TARGET = 1.0;
			};
			name = Debug;
		};
		2D99BEB22B85466300549B2E /* Release */ = {
			isa = XCBuildConfiguration;
			buildSettings = {
				ALWAYS_SEARCH_USER_PATHS = NO;
				ASSETCATALOG_COMPILER_GENERATE_SWIFT_ASSET_SYMBOL_EXTENSIONS = YES;
				CLANG_ANALYZER_NONNULL = YES;
				CLANG_ANALYZER_NUMBER_OBJECT_CONVERSION = YES_AGGRESSIVE;
				CLANG_CXX_LANGUAGE_STANDARD = "gnu++20";
				CLANG_ENABLE_MODULES = YES;
				CLANG_ENABLE_OBJC_ARC = YES;
				CLANG_ENABLE_OBJC_WEAK = YES;
				CLANG_WARN_BLOCK_CAPTURE_AUTORELEASING = YES;
				CLANG_WARN_BOOL_CONVERSION = YES;
				CLANG_WARN_COMMA = YES;
				CLANG_WARN_CONSTANT_CONVERSION = YES;
				CLANG_WARN_DEPRECATED_OBJC_IMPLEMENTATIONS = YES;
				CLANG_WARN_DIRECT_OBJC_ISA_USAGE = YES_ERROR;
				CLANG_WARN_DOCUMENTATION_COMMENTS = YES;
				CLANG_WARN_EMPTY_BODY = YES;
				CLANG_WARN_ENUM_CONVERSION = YES;
				CLANG_WARN_INFINITE_RECURSION = YES;
				CLANG_WARN_INT_CONVERSION = YES;
				CLANG_WARN_NON_LITERAL_NULL_CONVERSION = YES;
				CLANG_WARN_OBJC_IMPLICIT_RETAIN_SELF = YES;
				CLANG_WARN_OBJC_LITERAL_CONVERSION = YES;
				CLANG_WARN_OBJC_ROOT_CLASS = YES_ERROR;
				CLANG_WARN_QUOTED_INCLUDE_IN_FRAMEWORK_HEADER = YES;
				CLANG_WARN_RANGE_LOOP_ANALYSIS = YES;
				CLANG_WARN_STRICT_PROTOTYPES = YES;
				CLANG_WARN_SUSPICIOUS_MOVE = YES;
				CLANG_WARN_UNGUARDED_AVAILABILITY = YES_AGGRESSIVE;
				CLANG_WARN_UNREACHABLE_CODE = YES;
				CLANG_WARN__DUPLICATE_METHOD_MATCH = YES;
				COPY_PHASE_STRIP = NO;
				DEBUG_INFORMATION_FORMAT = "dwarf-with-dsym";
				ENABLE_NS_ASSERTIONS = NO;
				ENABLE_STRICT_OBJC_MSGSEND = YES;
				ENABLE_USER_SCRIPT_SANDBOXING = YES;
				GCC_C_LANGUAGE_STANDARD = gnu17;
				GCC_NO_COMMON_BLOCKS = YES;
				GCC_WARN_64_TO_32_BIT_CONVERSION = YES;
				GCC_WARN_ABOUT_RETURN_TYPE = YES_ERROR;
				GCC_WARN_UNDECLARED_SELECTOR = YES;
				GCC_WARN_UNINITIALIZED_AUTOS = YES_AGGRESSIVE;
				GCC_WARN_UNUSED_FUNCTION = YES;
				GCC_WARN_UNUSED_VARIABLE = YES;
				LOCALIZATION_PREFERS_STRING_CATALOGS = YES;
				MTL_ENABLE_DEBUG_INFO = NO;
				MTL_FAST_MATH = YES;
				SDKROOT = xros;
				SWIFT_COMPILATION_MODE = wholemodule;
				VALIDATE_PRODUCT = YES;
				XROS_DEPLOYMENT_TARGET = 1.0;
			};
			name = Release;
		};
		2D99BEB42B85466300549B2E /* Debug */ = {
			isa = XCBuildConfiguration;
			buildSettings = {
				ASSETCATALOG_COMPILER_APPICON_NAME = AppIcon;
				ASSETCATALOG_COMPILER_GLOBAL_ACCENT_COLOR_NAME = AccentColor;
				CODE_SIGN_STYLE = Automatic;
				CURRENT_PROJECT_VERSION = 1;
				DEVELOPMENT_ASSET_PATHS = "\"Day004/Preview Content\"";
				DEVELOPMENT_TEAM = 2QY2DX5M2Y;
				ENABLE_PREVIEWS = YES;
				GENERATE_INFOPLIST_FILE = YES;
				INFOPLIST_FILE = "$(TARGET_NAME)/Info.plist";
				LD_RUNPATH_SEARCH_PATHS = (
					"$(inherited)",
					"@executable_path/Frameworks",
				);
				MARKETING_VERSION = 1.0;
				PRODUCT_BUNDLE_IDENTIFIER = com.cotr.Day004;
				PRODUCT_NAME = "$(TARGET_NAME)";
				SUPPORTED_PLATFORMS = "xros xrsimulator";
				SWIFT_EMIT_LOC_STRINGS = YES;
				SWIFT_VERSION = 5.0;
				TARGETED_DEVICE_FAMILY = "1,2,7";
			};
			name = Debug;
		};
		2D99BEB52B85466300549B2E /* Release */ = {
			isa = XCBuildConfiguration;
			buildSettings = {
				ASSETCATALOG_COMPILER_APPICON_NAME = AppIcon;
				ASSETCATALOG_COMPILER_GLOBAL_ACCENT_COLOR_NAME = AccentColor;
				CODE_SIGN_STYLE = Automatic;
				CURRENT_PROJECT_VERSION = 1;
				DEVELOPMENT_ASSET_PATHS = "\"Day004/Preview Content\"";
				DEVELOPMENT_TEAM = 2QY2DX5M2Y;
				ENABLE_PREVIEWS = YES;
				GENERATE_INFOPLIST_FILE = YES;
				INFOPLIST_FILE = "$(TARGET_NAME)/Info.plist";
				LD_RUNPATH_SEARCH_PATHS = (
					"$(inherited)",
					"@executable_path/Frameworks",
				);
				MARKETING_VERSION = 1.0;
				PRODUCT_BUNDLE_IDENTIFIER = com.cotr.Day004;
				PRODUCT_NAME = "$(TARGET_NAME)";
				SUPPORTED_PLATFORMS = "xros xrsimulator";
				SWIFT_EMIT_LOC_STRINGS = YES;
				SWIFT_VERSION = 5.0;
				TARGETED_DEVICE_FAMILY = "1,2,7";
			};
			name = Release;
		};
		2D99BEB72B85466300549B2E /* Debug */ = {
			isa = XCBuildConfiguration;
			buildSettings = {
				ALWAYS_EMBED_SWIFT_STANDARD_LIBRARIES = YES;
				BUNDLE_LOADER = "$(TEST_HOST)";
				CODE_SIGN_STYLE = Automatic;
				CURRENT_PROJECT_VERSION = 1;
				DEVELOPMENT_TEAM = 2QY2DX5M2Y;
				GENERATE_INFOPLIST_FILE = YES;
				MARKETING_VERSION = 1.0;
				PRODUCT_BUNDLE_IDENTIFIER = com.cotr.Day004Tests;
				PRODUCT_NAME = "$(TARGET_NAME)";
				SUPPORTED_PLATFORMS = "xros xrsimulator";
				SWIFT_EMIT_LOC_STRINGS = NO;
				SWIFT_VERSION = 5.0;
				TARGETED_DEVICE_FAMILY = "1,2,7";
				TEST_HOST = "$(BUILT_PRODUCTS_DIR)/Day004.app/$(BUNDLE_EXECUTABLE_FOLDER_PATH)/Day004";
				XROS_DEPLOYMENT_TARGET = 1.0;
			};
			name = Debug;
		};
		2D99BEB82B85466300549B2E /* Release */ = {
			isa = XCBuildConfiguration;
			buildSettings = {
				ALWAYS_EMBED_SWIFT_STANDARD_LIBRARIES = YES;
				BUNDLE_LOADER = "$(TEST_HOST)";
				CODE_SIGN_STYLE = Automatic;
				CURRENT_PROJECT_VERSION = 1;
				DEVELOPMENT_TEAM = 2QY2DX5M2Y;
				GENERATE_INFOPLIST_FILE = YES;
				MARKETING_VERSION = 1.0;
				PRODUCT_BUNDLE_IDENTIFIER = com.cotr.Day004Tests;
				PRODUCT_NAME = "$(TARGET_NAME)";
				SUPPORTED_PLATFORMS = "xros xrsimulator";
				SWIFT_EMIT_LOC_STRINGS = NO;
				SWIFT_VERSION = 5.0;
				TARGETED_DEVICE_FAMILY = "1,2,7";
				TEST_HOST = "$(BUILT_PRODUCTS_DIR)/Day004.app/$(BUNDLE_EXECUTABLE_FOLDER_PATH)/Day004";
				XROS_DEPLOYMENT_TARGET = 1.0;
			};
			name = Release;
		};
/* End XCBuildConfiguration section */

/* Begin XCConfigurationList section */
		2D99BE912B85466000549B2E /* Build configuration list for PBXProject "Day004" */ = {
			isa = XCConfigurationList;
			buildConfigurations = (
				2D99BEB12B85466300549B2E /* Debug */,
				2D99BEB22B85466300549B2E /* Release */,
			);
			defaultConfigurationIsVisible = 0;
			defaultConfigurationName = Release;
		};
		2D99BEB32B85466300549B2E /* Build configuration list for PBXNativeTarget "Day004" */ = {
			isa = XCConfigurationList;
			buildConfigurations = (
				2D99BEB42B85466300549B2E /* Debug */,
				2D99BEB52B85466300549B2E /* Release */,
			);
			defaultConfigurationIsVisible = 0;
			defaultConfigurationName = Release;
		};
		2D99BEB62B85466300549B2E /* Build configuration list for PBXNativeTarget "Day004Tests" */ = {
			isa = XCConfigurationList;
			buildConfigurations = (
				2D99BEB72B85466300549B2E /* Debug */,
				2D99BEB82B85466300549B2E /* Release */,
			);
			defaultConfigurationIsVisible = 0;
			defaultConfigurationName = Release;
		};
/* End XCConfigurationList section */

/* Begin XCSwiftPackageProductDependency section */
		2D99BE9B2B85466000549B2E /* RealityKitContent */ = {
			isa = XCSwiftPackageProductDependency;
			productName = RealityKitContent;
		};
/* End XCSwiftPackageProductDependency section */
	};
	rootObject = 2D99BE8E2B85466000549B2E /* Project object */;
}
