// !$*UTF8*$!
{
	archiveVersion = 1;
	classes = {
	};
	objectVersion = 56;
	objects = {

/* Begin PBXBuildFile section */
		2DC8F9382B7A5CAA00322630 /* Globe.usdz in Resources */ = {isa = PBXBuildFile; fileRef = 2DF3C5832B7991D600526A26 /* Globe.usdz */; };
		2DC8F9392B7A5CAA00322630 /* Teapot.usdz in Resources */ = {isa = PBXBuildFile; fileRef = 2DF3C5822B7991D300526A26 /* Teapot.usdz */; };
		2DF3C56B2B797B7C00526A26 /* RealityKitContent in Frameworks */ = {isa = PBXBuildFile; productRef = 2DF3C56A2B797B7C00526A26 /* RealityKitContent */; };
		2DF3C56D2B797B7C00526A26 /* Day002App.swift in Sources */ = {isa = PBXBuildFile; fileRef = 2DF3C56C2B797B7C00526A26 /* Day002App.swift */; };
		2DF3C56F2B797B7C00526A26 /* ContentView.swift in Sources */ = {isa = PBXBuildFile; fileRef = 2DF3C56E2B797B7C00526A26 /* ContentView.swift */; };
		2DF3C5712B797B7D00526A26 /* Assets.xcassets in Resources */ = {isa = PBXBuildFile; fileRef = 2DF3C5702B797B7D00526A26 /* Assets.xcassets */; };
		2DF3C5742B797B7D00526A26 /* Preview Assets.xcassets in Resources */ = {isa = PBXBuildFile; fileRef = 2DF3C5732B797B7D00526A26 /* Preview Assets.xcassets */; };
/* End PBXBuildFile section */

/* Begin PBXFileReference section */
		2DF3C5652B797B7C00526A26 /* Day002.app */ = {isa = PBXFileReference; explicitFileType = wrapper.application; includeInIndex = 0; path = Day002.app; sourceTree = BUILT_PRODUCTS_DIR; };
		2DF3C5692B797B7C00526A26 /* RealityKitContent */ = {isa = PBXFileReference; lastKnownFileType = wrapper; path = RealityKitContent; sourceTree = "<group>"; };
		2DF3C56C2B797B7C00526A26 /* Day002App.swift */ = {isa = PBXFileReference; lastKnownFileType = sourcecode.swift; path = Day002App.swift; sourceTree = "<group>"; };
		2DF3C56E2B797B7C00526A26 /* ContentView.swift */ = {isa = PBXFileReference; lastKnownFileType = sourcecode.swift; path = ContentView.swift; sourceTree = "<group>"; };
		2DF3C5702B797B7D00526A26 /* Assets.xcassets */ = {isa = PBXFileReference; lastKnownFileType = folder.assetcatalog; path = Assets.xcassets; sourceTree = "<group>"; };
		2DF3C5732B797B7D00526A26 /* Preview Assets.xcassets */ = {isa = PBXFileReference; lastKnownFileType = folder.assetcatalog; path = "Preview Assets.xcassets"; sourceTree = "<group>"; };
		2DF3C5752B797B7D00526A26 /* Info.plist */ = {isa = PBXFileReference; lastKnownFileType = text.plist.xml; path = Info.plist; sourceTree = "<group>"; };
		2DF3C57B2B797B9600526A26 /* README.md */ = {isa = PBXFileReference; lastKnownFileType = net.daringfireball.markdown; path = README.md; sourceTree = "<group>"; };
		2DF3C5822B7991D300526A26 /* Teapot.usdz */ = {isa = PBXFileReference; lastKnownFileType = file.usdz; path = Teapot.usdz; sourceTree = "<group>"; };
		2DF3C5832B7991D600526A26 /* Globe.usdz */ = {isa = PBXFileReference; lastKnownFileType = file.usdz; path = Globe.usdz; sourceTree = "<group>"; };
/* End PBXFileReference section */

/* Begin PBXFrameworksBuildPhase section */
		2DF3C5622B797B7C00526A26 /* Frameworks */ = {
			isa = PBXFrameworksBuildPhase;
			buildActionMask = 2147483647;
			files = (
				2DF3C56B2B797B7C00526A26 /* RealityKitContent in Frameworks */,
			);
			runOnlyForDeploymentPostprocessing = 0;
		};
/* End PBXFrameworksBuildPhase section */

/* Begin PBXGroup section */
		2DF3C55C2B797B7B00526A26 = {
			isa = PBXGroup;
			children = (
				2DF3C57B2B797B9600526A26 /* README.md */,
				2DF3C5672B797B7C00526A26 /* Day002 */,
				2DF3C5682B797B7C00526A26 /* Packages */,
				2DF3C5662B797B7C00526A26 /* Products */,
			);
			sourceTree = "<group>";
		};
		2DF3C5662B797B7C00526A26 /* Products */ = {
			isa = PBXGroup;
			children = (
				2DF3C5652B797B7C00526A26 /* Day002.app */,
			);
			name = Products;
			sourceTree = "<group>";
		};
		2DF3C5672B797B7C00526A26 /* Day002 */ = {
			isa = PBXGroup;
			children = (
				2DF3C5812B7991C700526A26 /* Assets */,
				2DF3C56C2B797B7C00526A26 /* Day002App.swift */,
				2DF3C56E2B797B7C00526A26 /* ContentView.swift */,
				2DF3C5702B797B7D00526A26 /* Assets.xcassets */,
				2DF3C5752B797B7D00526A26 /* Info.plist */,
				2DF3C5722B797B7D00526A26 /* Preview Content */,
			);
			path = Day002;
			sourceTree = "<group>";
		};
		2DF3C5682B797B7C00526A26 /* Packages */ = {
			isa = PBXGroup;
			children = (
				2DF3C5692B797B7C00526A26 /* RealityKitContent */,
			);
			path = Packages;
			sourceTree = "<group>";
		};
		2DF3C5722B797B7D00526A26 /* Preview Content */ = {
			isa = PBXGroup;
			children = (
				2DF3C5732B797B7D00526A26 /* Preview Assets.xcassets */,
			);
			path = "Preview Content";
			sourceTree = "<group>";
		};
		2DF3C5812B7991C700526A26 /* Assets */ = {
			isa = PBXGroup;
			children = (
				2DF3C5832B7991D600526A26 /* Globe.usdz */,
				2DF3C5822B7991D300526A26 /* Teapot.usdz */,
			);
			path = Assets;
			sourceTree = "<group>";
		};
/* End PBXGroup section */

/* Begin PBXNativeTarget section */
		2DF3C5642B797B7C00526A26 /* Day002 */ = {
			isa = PBXNativeTarget;
			buildConfigurationList = 2DF3C5782B797B7D00526A26 /* Build configuration list for PBXNativeTarget "Day002" */;
			buildPhases = (
				2DF3C5612B797B7C00526A26 /* Sources */,
				2DF3C5622B797B7C00526A26 /* Frameworks */,
				2DF3C5632B797B7C00526A26 /* Resources */,
			);
			buildRules = (
			);
			dependencies = (
			);
			name = Day002;
			packageProductDependencies = (
				2DF3C56A2B797B7C00526A26 /* RealityKitContent */,
			);
			productName = Day002;
			productReference = 2DF3C5652B797B7C00526A26 /* Day002.app */;
			productType = "com.apple.product-type.application";
		};
/* End PBXNativeTarget section */

/* Begin PBXProject section */
		2DF3C55D2B797B7B00526A26 /* Project object */ = {
			isa = PBXProject;
			attributes = {
				BuildIndependentTargetsInParallel = 1;
				LastSwiftUpdateCheck = 1520;
				LastUpgradeCheck = 1520;
				TargetAttributes = {
					2DF3C5642B797B7C00526A26 = {
						CreatedOnToolsVersion = 15.2;
					};
				};
			};
			buildConfigurationList = 2DF3C5602B797B7B00526A26 /* Build configuration list for PBXProject "Day002" */;
			compatibilityVersion = "Xcode 14.0";
			developmentRegion = en;
			hasScannedForEncodings = 0;
			knownRegions = (
				en,
				Base,
			);
			mainGroup = 2DF3C55C2B797B7B00526A26;
			productRefGroup = 2DF3C5662B797B7C00526A26 /* Products */;
			projectDirPath = "";
			projectRoot = "";
			targets = (
				2DF3C5642B797B7C00526A26 /* Day002 */,
			);
		};
/* End PBXProject section */

/* Begin PBXResourcesBuildPhase section */
		2DF3C5632B797B7C00526A26 /* Resources */ = {
			isa = PBXResourcesBuildPhase;
			buildActionMask = 2147483647;
			files = (
				2DC8F9382B7A5CAA00322630 /* Globe.usdz in Resources */,
				2DC8F9392B7A5CAA00322630 /* Teapot.usdz in Resources */,
				2DF3C5742B797B7D00526A26 /* Preview Assets.xcassets in Resources */,
				2DF3C5712B797B7D00526A26 /* Assets.xcassets in Resources */,
			);
			runOnlyForDeploymentPostprocessing = 0;
		};
/* End PBXResourcesBuildPhase section */

/* Begin PBXSourcesBuildPhase section */
		2DF3C5612B797B7C00526A26 /* Sources */ = {
			isa = PBXSourcesBuildPhase;
			buildActionMask = 2147483647;
			files = (
				2DF3C56F2B797B7C00526A26 /* ContentView.swift in Sources */,
				2DF3C56D2B797B7C00526A26 /* Day002App.swift in Sources */,
			);
			runOnlyForDeploymentPostprocessing = 0;
		};
/* End PBXSourcesBuildPhase section */

/* Begin XCBuildConfiguration section */
		2DF3C5762B797B7D00526A26 /* Debug */ = {
			isa = XCBuildConfiguration;
			buildSettings = {
				ALWAYS_SEARCH_USER_PATHS = NO;
				ASSETCATALOG_COMPILER_GENERATE_SWIFT_ASSET_SYMBOL_EXTENSIONS = YES;
				CLANG_ANALYZER_NONNULL = YES;
				CLANG_ANALYZER_NUMBER_OBJECT_CONVERSION = YES_AGGRESSIVE;
				CLANG_CXX_LANGUAGE_STANDARD = "gnu++20";
				CLANG_ENABLE_MODULES = YES;
				CLANG_ENABLE_OBJC_ARC = YES;
				CLANG_ENABLE_OBJC_WEAK = YES;
				CLANG_WARN_BLOCK_CAPTURE_AUTORELEASING = YES;
				CLANG_WARN_BOOL_CONVERSION = YES;
				CLANG_WARN_COMMA = YES;
				CLANG_WARN_CONSTANT_CONVERSION = YES;
				CLANG_WARN_DEPRECATED_OBJC_IMPLEMENTATIONS = YES;
				CLANG_WARN_DIRECT_OBJC_ISA_USAGE = YES_ERROR;
				CLANG_WARN_DOCUMENTATION_COMMENTS = YES;
				CLANG_WARN_EMPTY_BODY = YES;
				CLANG_WARN_ENUM_CONVERSION = YES;
				CLANG_WARN_INFINITE_RECURSION = YES;
				CLANG_WARN_INT_CONVERSION = YES;
				CLANG_WARN_NON_LITERAL_NULL_CONVERSION = YES;
				CLANG_WARN_OBJC_IMPLICIT_RETAIN_SELF = YES;
				CLANG_WARN_OBJC_LITERAL_CONVERSION = YES;
				CLANG_WARN_OBJC_ROOT_CLASS = YES_ERROR;
				CLANG_WARN_QUOTED_INCLUDE_IN_FRAMEWORK_HEADER = YES;
				CLANG_WARN_RANGE_LOOP_ANALYSIS = YES;
				CLANG_WARN_STRICT_PROTOTYPES = YES;
				CLANG_WARN_SUSPICIOUS_MOVE = YES;
				CLANG_WARN_UNGUARDED_AVAILABILITY = YES_AGGRESSIVE;
				CLANG_WARN_UNREACHABLE_CODE = YES;
				CLANG_WARN__DUPLICATE_METHOD_MATCH = YES;
				COPY_PHASE_STRIP = NO;
				DEBUG_INFORMATION_FORMAT = dwarf;
				ENABLE_STRICT_OBJC_MSGSEND = YES;
				ENABLE_TESTABILITY = YES;
				ENABLE_USER_SCRIPT_SANDBOXING = YES;
				GCC_C_LANGUAGE_STANDARD = gnu17;
				GCC_DYNAMIC_NO_PIC = NO;
				GCC_NO_COMMON_BLOCKS = YES;
				GCC_OPTIMIZATION_LEVEL = 0;
				GCC_PREPROCESSOR_DEFINITIONS = (
					"DEBUG=1",
					"$(inherited)",
				);
				GCC_WARN_64_TO_32_BIT_CONVERSION = YES;
				GCC_WARN_ABOUT_RETURN_TYPE = YES_ERROR;
				GCC_WARN_UNDECLARED_SELECTOR = YES;
				GCC_WARN_UNINITIALIZED_AUTOS = YES_AGGRESSIVE;
				GCC_WARN_UNUSED_FUNCTION = YES;
				GCC_WARN_UNUSED_VARIABLE = YES;
				LOCALIZATION_PREFERS_STRING_CATALOGS = YES;
				MTL_ENABLE_DEBUG_INFO = INCLUDE_SOURCE;
				MTL_FAST_MATH = YES;
				ONLY_ACTIVE_ARCH = YES;
				SDKROOT = xros;
				SWIFT_ACTIVE_COMPILATION_CONDITIONS = "DEBUG $(inherited)";
				SWIFT_OPTIMIZATION_LEVEL = "-Onone";
				XROS_DEPLOYMENT_TARGET = 1.0;
			};
			name = Debug;
		};
		2DF3C5772B797B7D00526A26 /* Release */ = {
			isa = XCBuildConfiguration;
			buildSettings = {
				ALWAYS_SEARCH_USER_PATHS = NO;
				ASSETCATALOG_COMPILER_GENERATE_SWIFT_ASSET_SYMBOL_EXTENSIONS = YES;
				CLANG_ANALYZER_NONNULL = YES;
				CLANG_ANALYZER_NUMBER_OBJECT_CONVERSION = YES_AGGRESSIVE;
				CLANG_CXX_LANGUAGE_STANDARD = "gnu++20";
				CLANG_ENABLE_MODULES = YES;
				CLANG_ENABLE_OBJC_ARC = YES;
				CLANG_ENABLE_OBJC_WEAK = YES;
				CLANG_WARN_BLOCK_CAPTURE_AUTORELEASING = YES;
				CLANG_WARN_BOOL_CONVERSION = YES;
				CLANG_WARN_COMMA = YES;
				CLANG_WARN_CONSTANT_CONVERSION = YES;
				CLANG_WARN_DEPRECATED_OBJC_IMPLEMENTATIONS = YES;
				CLANG_WARN_DIRECT_OBJC_ISA_USAGE = YES_ERROR;
				CLANG_WARN_DOCUMENTATION_COMMENTS = YES;
				CLANG_WARN_EMPTY_BODY = YES;
				CLANG_WARN_ENUM_CONVERSION = YES;
				CLANG_WARN_INFINITE_RECURSION = YES;
				CLANG_WARN_INT_CONVERSION = YES;
				CLANG_WARN_NON_LITERAL_NULL_CONVERSION = YES;
				CLANG_WARN_OBJC_IMPLICIT_RETAIN_SELF = YES;
				CLANG_WARN_OBJC_LITERAL_CONVERSION = YES;
				CLANG_WARN_OBJC_ROOT_CLASS = YES_ERROR;
				CLANG_WARN_QUOTED_INCLUDE_IN_FRAMEWORK_HEADER = YES;
				CLANG_WARN_RANGE_LOOP_ANALYSIS = YES;
				CLANG_WARN_STRICT_PROTOTYPES = YES;
				CLANG_WARN_SUSPICIOUS_MOVE = YES;
				CLANG_WARN_UNGUARDED_AVAILABILITY = YES_AGGRESSIVE;
				CLANG_WARN_UNREACHABLE_CODE = YES;
				CLANG_WARN__DUPLICATE_METHOD_MATCH = YES;
				COPY_PHASE_STRIP = NO;
				DEBUG_INFORMATION_FORMAT = "dwarf-with-dsym";
				ENABLE_NS_ASSERTIONS = NO;
				ENABLE_STRICT_OBJC_MSGSEND = YES;
				ENABLE_USER_SCRIPT_SANDBOXING = YES;
				GCC_C_LANGUAGE_STANDARD = gnu17;
				GCC_NO_COMMON_BLOCKS = YES;
				GCC_WARN_64_TO_32_BIT_CONVERSION = YES;
				GCC_WARN_ABOUT_RETURN_TYPE = YES_ERROR;
				GCC_WARN_UNDECLARED_SELECTOR = YES;
				GCC_WARN_UNINITIALIZED_AUTOS = YES_AGGRESSIVE;
				GCC_WARN_UNUSED_FUNCTION = YES;
				GCC_WARN_UNUSED_VARIABLE = YES;
				LOCALIZATION_PREFERS_STRING_CATALOGS = YES;
				MTL_ENABLE_DEBUG_INFO = NO;
				MTL_FAST_MATH = YES;
				SDKROOT = xros;
				SWIFT_COMPILATION_MODE = wholemodule;
				VALIDATE_PRODUCT = YES;
				XROS_DEPLOYMENT_TARGET = 1.0;
			};
			name = Release;
		};
		2DF3C5792B797B7D00526A26 /* Debug */ = {
			isa = XCBuildConfiguration;
			buildSettings = {
				ASSETCATALOG_COMPILER_APPICON_NAME = AppIcon;
				ASSETCATALOG_COMPILER_GLOBAL_ACCENT_COLOR_NAME = AccentColor;
				CODE_SIGN_STYLE = Automatic;
				CURRENT_PROJECT_VERSION = 1;
				DEVELOPMENT_ASSET_PATHS = "\"Day002/Preview Content\"";
				DEVELOPMENT_TEAM = 2QY2DX5M2Y;
				ENABLE_PREVIEWS = YES;
				GENERATE_INFOPLIST_FILE = YES;
				INFOPLIST_FILE = "$(TARGET_NAME)/Info.plist";
				LD_RUNPATH_SEARCH_PATHS = (
					"$(inherited)",
					"@executable_path/Frameworks",
				);
				MARKETING_VERSION = 1.0;
				PRODUCT_BUNDLE_IDENTIFIER = com.cotr.Day002;
				PRODUCT_NAME = "$(TARGET_NAME)";
				SUPPORTED_PLATFORMS = "xros xrsimulator";
				SWIFT_EMIT_LOC_STRINGS = YES;
				SWIFT_VERSION = 5.0;
				TARGETED_DEVICE_FAMILY = "1,2,7";
			};
			name = Debug;
		};
		2DF3C57A2B797B7D00526A26 /* Release */ = {
			isa = XCBuildConfiguration;
			buildSettings = {
				ASSETCATALOG_COMPILER_APPICON_NAME = AppIcon;
				ASSETCATALOG_COMPILER_GLOBAL_ACCENT_COLOR_NAME = AccentColor;
				CODE_SIGN_STYLE = Automatic;
				CURRENT_PROJECT_VERSION = 1;
				DEVELOPMENT_ASSET_PATHS = "\"Day002/Preview Content\"";
				DEVELOPMENT_TEAM = 2QY2DX5M2Y;
				ENABLE_PREVIEWS = YES;
				GENERATE_INFOPLIST_FILE = YES;
				INFOPLIST_FILE = "$(TARGET_NAME)/Info.plist";
				LD_RUNPATH_SEARCH_PATHS = (
					"$(inherited)",
					"@executable_path/Frameworks",
				);
				MARKETING_VERSION = 1.0;
				PRODUCT_BUNDLE_IDENTIFIER = com.cotr.Day002;
				PRODUCT_NAME = "$(TARGET_NAME)";
				SUPPORTED_PLATFORMS = "xros xrsimulator";
				SWIFT_EMIT_LOC_STRINGS = YES;
				SWIFT_VERSION = 5.0;
				TARGETED_DEVICE_FAMILY = "1,2,7";
			};
			name = Release;
		};
/* End XCBuildConfiguration section */

/* Begin XCConfigurationList section */
		2DF3C5602B797B7B00526A26 /* Build configuration list for PBXProject "Day002" */ = {
			isa = XCConfigurationList;
			buildConfigurations = (
				2DF3C5762B797B7D00526A26 /* Debug */,
				2DF3C5772B797B7D00526A26 /* Release */,
			);
			defaultConfigurationIsVisible = 0;
			defaultConfigurationName = Release;
		};
		2DF3C5782B797B7D00526A26 /* Build configuration list for PBXNativeTarget "Day002" */ = {
			isa = XCConfigurationList;
			buildConfigurations = (
				2DF3C5792B797B7D00526A26 /* Debug */,
				2DF3C57A2B797B7D00526A26 /* Release */,
			);
			defaultConfigurationIsVisible = 0;
			defaultConfigurationName = Release;
		};
/* End XCConfigurationList section */

/* Begin XCSwiftPackageProductDependency section */
		2DF3C56A2B797B7C00526A26 /* RealityKitContent */ = {
			isa = XCSwiftPackageProductDependency;
			productName = RealityKitContent;
		};
/* End XCSwiftPackageProductDependency section */
	};
	rootObject = 2DF3C55D2B797B7B00526A26 /* Project object */;
}
